// !$*UTF8*$!
{
	archiveVersion = 1;
	classes = {
	};
	objectVersion = 46;
	objects = {

/* Begin PBXBuildFile section */
		4FC0714F1D5A9DF900942F1C /* AppDelegate.m in Sources */ = {isa = PBXBuildFile; fileRef = 4FC071371D5A9DF900942F1C /* AppDelegate.m */; };
		4FC071501D5A9DF900942F1C /* Assets.xcassets in Resources */ = {isa = PBXBuildFile; fileRef = 4FC071381D5A9DF900942F1C /* Assets.xcassets */; };
		4FC071511D5A9DF900942F1C /* LaunchScreen.storyboard in Resources */ = {isa = PBXBuildFile; fileRef = 4FC071391D5A9DF900942F1C /* LaunchScreen.storyboard */; };
		4FC071521D5A9DF900942F1C /* Main.storyboard in Resources */ = {isa = PBXBuildFile; fileRef = 4FC0713B1D5A9DF900942F1C /* Main.storyboard */; };
		4FC071531D5A9DF900942F1C /* Info.plist in Resources */ = {isa = PBXBuildFile; fileRef = 4FC0713D1D5A9DF900942F1C /* Info.plist */; };
		4FC071541D5A9DF900942F1C /* Issue.m in Sources */ = {isa = PBXBuildFile; fileRef = 4FC0713F1D5A9DF900942F1C /* Issue.m */; };
		4FC071551D5A9DF900942F1C /* IssueParser.m in Sources */ = {isa = PBXBuildFile; fileRef = 4FC071411D5A9DF900942F1C /* IssueParser.m */; };
		4FC071561D5A9DF900942F1C /* IssuesTableViewController.m in Sources */ = {isa = PBXBuildFile; fileRef = 4FC071431D5A9DF900942F1C /* IssuesTableViewController.m */; };
		4FC071571D5A9DF900942F1C /* main.m in Sources */ = {isa = PBXBuildFile; fileRef = 4FC071441D5A9DF900942F1C /* main.m */; };
		4FC071581D5A9DF900942F1C /* NetworkManager.m in Sources */ = {isa = PBXBuildFile; fileRef = 4FC071461D5A9DF900942F1C /* NetworkManager.m */; };
		4FC071591D5A9DF900942F1C /* Owner.m in Sources */ = {isa = PBXBuildFile; fileRef = 4FC071481D5A9DF900942F1C /* Owner.m */; };
		4FC0715A1D5A9DF900942F1C /* RepositoriesTableViewContainer.m in Sources */ = {isa = PBXBuildFile; fileRef = 4FC0714A1D5A9DF900942F1C /* RepositoriesTableViewContainer.m */; };
		4FC0715B1D5A9DF900942F1C /* Repository.m in Sources */ = {isa = PBXBuildFile; fileRef = 4FC0714C1D5A9DF900942F1C /* Repository.m */; };
		4FC0715C1D5A9DF900942F1C /* RepositoryParser.m in Sources */ = {isa = PBXBuildFile; fileRef = 4FC0714E1D5A9DF900942F1C /* RepositoryParser.m */; };
		4FC071601D5A9E3900942F1C /* Info.plist in Resources */ = {isa = PBXBuildFile; fileRef = 4FC0715E1D5A9E3900942F1C /* Info.plist */; };
		4FC071621D5A9F6900942F1C /* GHChallengeTests.m in Sources */ = {isa = PBXBuildFile; fileRef = 4FC0715F1D5A9E3900942F1C /* GHChallengeTests.m */; };
/* End PBXBuildFile section */

/* Begin PBXContainerItemProxy section */
		DDED0C071CAC501F00B82EE7 /* PBXContainerItemProxy */ = {
			isa = PBXContainerItemProxy;
			containerPortal = DDED0BE51CAC501E00B82EE7 /* Project object */;
			proxyType = 1;
			remoteGlobalIDString = DDED0BEC1CAC501E00B82EE7;
			remoteInfo = MatchChallenge;
		};
/* End PBXContainerItemProxy section */

/* Begin PBXFileReference section */
		4FC071361D5A9DF900942F1C /* AppDelegate.h */ = {isa = PBXFileReference; fileEncoding = 4; lastKnownFileType = sourcecode.c.h; path = AppDelegate.h; sourceTree = "<group>"; };
		4FC071371D5A9DF900942F1C /* AppDelegate.m */ = {isa = PBXFileReference; fileEncoding = 4; lastKnownFileType = sourcecode.c.objc; path = AppDelegate.m; sourceTree = "<group>"; };
		4FC071381D5A9DF900942F1C /* Assets.xcassets */ = {isa = PBXFileReference; lastKnownFileType = folder.assetcatalog; path = Assets.xcassets; sourceTree = "<group>"; };
		4FC0713A1D5A9DF900942F1C /* Base */ = {isa = PBXFileReference; lastKnownFileType = file.storyboard; name = Base; path = Base.lproj/LaunchScreen.storyboard; sourceTree = "<group>"; };
		4FC0713C1D5A9DF900942F1C /* Base */ = {isa = PBXFileReference; lastKnownFileType = file.storyboard; name = Base; path = Base.lproj/Main.storyboard; sourceTree = "<group>"; };
		4FC0713D1D5A9DF900942F1C /* Info.plist */ = {isa = PBXFileReference; fileEncoding = 4; lastKnownFileType = text.plist.xml; path = Info.plist; sourceTree = "<group>"; };
		4FC0713E1D5A9DF900942F1C /* Issue.h */ = {isa = PBXFileReference; fileEncoding = 4; lastKnownFileType = sourcecode.c.h; path = Issue.h; sourceTree = "<group>"; };
		4FC0713F1D5A9DF900942F1C /* Issue.m */ = {isa = PBXFileReference; fileEncoding = 4; lastKnownFileType = sourcecode.c.objc; path = Issue.m; sourceTree = "<group>"; };
		4FC071401D5A9DF900942F1C /* IssueParser.h */ = {isa = PBXFileReference; fileEncoding = 4; lastKnownFileType = sourcecode.c.h; path = IssueParser.h; sourceTree = "<group>"; };
		4FC071411D5A9DF900942F1C /* IssueParser.m */ = {isa = PBXFileReference; fileEncoding = 4; lastKnownFileType = sourcecode.c.objc; path = IssueParser.m; sourceTree = "<group>"; };
		4FC071421D5A9DF900942F1C /* IssuesTableViewController.h */ = {isa = PBXFileReference; fileEncoding = 4; lastKnownFileType = sourcecode.c.h; path = IssuesTableViewController.h; sourceTree = "<group>"; };
		4FC071431D5A9DF900942F1C /* IssuesTableViewController.m */ = {isa = PBXFileReference; fileEncoding = 4; lastKnownFileType = sourcecode.c.objc; path = IssuesTableViewController.m; sourceTree = "<group>"; };
		4FC071441D5A9DF900942F1C /* main.m */ = {isa = PBXFileReference; fileEncoding = 4; lastKnownFileType = sourcecode.c.objc; path = main.m; sourceTree = "<group>"; };
		4FC071451D5A9DF900942F1C /* NetworkManager.h */ = {isa = PBXFileReference; fileEncoding = 4; lastKnownFileType = sourcecode.c.h; path = NetworkManager.h; sourceTree = "<group>"; };
		4FC071461D5A9DF900942F1C /* NetworkManager.m */ = {isa = PBXFileReference; fileEncoding = 4; lastKnownFileType = sourcecode.c.objc; path = NetworkManager.m; sourceTree = "<group>"; };
		4FC071471D5A9DF900942F1C /* Owner.h */ = {isa = PBXFileReference; fileEncoding = 4; lastKnownFileType = sourcecode.c.h; path = Owner.h; sourceTree = "<group>"; };
		4FC071481D5A9DF900942F1C /* Owner.m */ = {isa = PBXFileReference; fileEncoding = 4; lastKnownFileType = sourcecode.c.objc; path = Owner.m; sourceTree = "<group>"; };
		4FC071491D5A9DF900942F1C /* RepositoriesTableViewContainer.h */ = {isa = PBXFileReference; fileEncoding = 4; lastKnownFileType = sourcecode.c.h; path = RepositoriesTableViewContainer.h; sourceTree = "<group>"; };
		4FC0714A1D5A9DF900942F1C /* RepositoriesTableViewContainer.m */ = {isa = PBXFileReference; fileEncoding = 4; lastKnownFileType = sourcecode.c.objc; path = RepositoriesTableViewContainer.m; sourceTree = "<group>"; };
		4FC0714B1D5A9DF900942F1C /* Repository.h */ = {isa = PBXFileReference; fileEncoding = 4; lastKnownFileType = sourcecode.c.h; path = Repository.h; sourceTree = "<group>"; };
		4FC0714C1D5A9DF900942F1C /* Repository.m */ = {isa = PBXFileReference; fileEncoding = 4; lastKnownFileType = sourcecode.c.objc; path = Repository.m; sourceTree = "<group>"; };
		4FC0714D1D5A9DF900942F1C /* RepositoryParser.h */ = {isa = PBXFileReference; fileEncoding = 4; lastKnownFileType = sourcecode.c.h; path = RepositoryParser.h; sourceTree = "<group>"; };
		4FC0714E1D5A9DF900942F1C /* RepositoryParser.m */ = {isa = PBXFileReference; fileEncoding = 4; lastKnownFileType = sourcecode.c.objc; path = RepositoryParser.m; sourceTree = "<group>"; };
		4FC0715E1D5A9E3900942F1C /* Info.plist */ = {isa = PBXFileReference; fileEncoding = 4; lastKnownFileType = text.plist.xml; path = Info.plist; sourceTree = "<group>"; };
		4FC0715F1D5A9E3900942F1C /* GHChallengeTests.m */ = {isa = PBXFileReference; fileEncoding = 4; lastKnownFileType = sourcecode.c.objc; path = GHChallengeTests.m; sourceTree = "<group>"; };
		DDED0BED1CAC501E00B82EE7 /* GithubChallenge.app */ = {isa = PBXFileReference; explicitFileType = wrapper.application; includeInIndex = 0; path = GithubChallenge.app; sourceTree = BUILT_PRODUCTS_DIR; };
		DDED0C061CAC501F00B82EE7 /* GithubChallenge.xctest */ = {isa = PBXFileReference; explicitFileType = wrapper.cfbundle; includeInIndex = 0; path = GithubChallenge.xctest; sourceTree = BUILT_PRODUCTS_DIR; };
/* End PBXFileReference section */

/* Begin PBXFrameworksBuildPhase section */
		DDED0BEA1CAC501E00B82EE7 /* Frameworks */ = {
			isa = PBXFrameworksBuildPhase;
			buildActionMask = 2147483647;
			files = (
			);
			runOnlyForDeploymentPostprocessing = 0;
		};
		DDED0C031CAC501F00B82EE7 /* Frameworks */ = {
			isa = PBXFrameworksBuildPhase;
			buildActionMask = 2147483647;
			files = (
			);
			runOnlyForDeploymentPostprocessing = 0;
		};
/* End PBXFrameworksBuildPhase section */

/* Begin PBXGroup section */
		4FC071351D5A9DF900942F1C /* GHChallenge */ = {
			isa = PBXGroup;
			children = (
				4FC071361D5A9DF900942F1C /* AppDelegate.h */,
				4FC071371D5A9DF900942F1C /* AppDelegate.m */,
				4FC071381D5A9DF900942F1C /* Assets.xcassets */,
				4FC071391D5A9DF900942F1C /* LaunchScreen.storyboard */,
				4FC0713B1D5A9DF900942F1C /* Main.storyboard */,
				4FC0713D1D5A9DF900942F1C /* Info.plist */,
				4FC0713E1D5A9DF900942F1C /* Issue.h */,
				4FC0713F1D5A9DF900942F1C /* Issue.m */,
				4FC071401D5A9DF900942F1C /* IssueParser.h */,
				4FC071411D5A9DF900942F1C /* IssueParser.m */,
				4FC071421D5A9DF900942F1C /* IssuesTableViewController.h */,
				4FC071431D5A9DF900942F1C /* IssuesTableViewController.m */,
				4FC071441D5A9DF900942F1C /* main.m */,
				4FC071451D5A9DF900942F1C /* NetworkManager.h */,
				4FC071461D5A9DF900942F1C /* NetworkManager.m */,
				4FC071471D5A9DF900942F1C /* Owner.h */,
				4FC071481D5A9DF900942F1C /* Owner.m */,
				4FC071491D5A9DF900942F1C /* RepositoriesTableViewContainer.h */,
				4FC0714A1D5A9DF900942F1C /* RepositoriesTableViewContainer.m */,
				4FC0714B1D5A9DF900942F1C /* Repository.h */,
				4FC0714C1D5A9DF900942F1C /* Repository.m */,
				4FC0714D1D5A9DF900942F1C /* RepositoryParser.h */,
				4FC0714E1D5A9DF900942F1C /* RepositoryParser.m */,
			);
			path = GHChallenge;
			sourceTree = "<group>";
		};
		4FC0715D1D5A9E3900942F1C /* GHChallengeTests */ = {
			isa = PBXGroup;
			children = (
				4FC0715E1D5A9E3900942F1C /* Info.plist */,
				4FC0715F1D5A9E3900942F1C /* GHChallengeTests.m */,
			);
			path = GHChallengeTests;
			sourceTree = "<group>";
		};
		DDED0BE41CAC501E00B82EE7 = {
			isa = PBXGroup;
			children = (
				4FC0715D1D5A9E3900942F1C /* GHChallengeTests */,
				4FC071351D5A9DF900942F1C /* GHChallenge */,
				DDED0BEE1CAC501E00B82EE7 /* Products */,
			);
			sourceTree = "<group>";
		};
		DDED0BEE1CAC501E00B82EE7 /* Products */ = {
			isa = PBXGroup;
			children = (
				DDED0BED1CAC501E00B82EE7 /* GithubChallenge.app */,
				DDED0C061CAC501F00B82EE7 /* GithubChallenge.xctest */,
			);
			name = Products;
			sourceTree = "<group>";
		};
/* End PBXGroup section */

/* Begin PBXNativeTarget section */
		DDED0BEC1CAC501E00B82EE7 /* GithubChallenge */ = {
			isa = PBXNativeTarget;
			buildConfigurationList = DDED0C0F1CAC501F00B82EE7 /* Build configuration list for PBXNativeTarget "GithubChallenge" */;
			buildPhases = (
				DDED0BE91CAC501E00B82EE7 /* Sources */,
				DDED0BEA1CAC501E00B82EE7 /* Frameworks */,
				DDED0BEB1CAC501E00B82EE7 /* Resources */,
			);
			buildRules = (
			);
			dependencies = (
			);
			name = GithubChallenge;
			productName = MatchChallenge;
			productReference = DDED0BED1CAC501E00B82EE7 /* GithubChallenge.app */;
			productType = "com.apple.product-type.application";
		};
		DDED0C051CAC501F00B82EE7 /* GithubChallengeTests */ = {
			isa = PBXNativeTarget;
			buildConfigurationList = DDED0C121CAC501F00B82EE7 /* Build configuration list for PBXNativeTarget "GithubChallengeTests" */;
			buildPhases = (
				DDED0C021CAC501F00B82EE7 /* Sources */,
				DDED0C031CAC501F00B82EE7 /* Frameworks */,
				DDED0C041CAC501F00B82EE7 /* Resources */,
			);
			buildRules = (
			);
			dependencies = (
				DDED0C081CAC501F00B82EE7 /* PBXTargetDependency */,
			);
			name = GithubChallengeTests;
			productName = MatchChallengeTests;
			productReference = DDED0C061CAC501F00B82EE7 /* GithubChallenge.xctest */;
			productType = "com.apple.product-type.bundle.unit-test";
		};
/* End PBXNativeTarget section */

/* Begin PBXProject section */
		DDED0BE51CAC501E00B82EE7 /* Project object */ = {
			isa = PBXProject;
			attributes = {
				LastUpgradeCheck = 0720;
				ORGANIZATIONNAME = Nikita;
				TargetAttributes = {
					DDED0BEC1CAC501E00B82EE7 = {
						CreatedOnToolsVersion = 7.2.1;
					};
					DDED0C051CAC501F00B82EE7 = {
						CreatedOnToolsVersion = 7.2.1;
						TestTargetID = DDED0BEC1CAC501E00B82EE7;
					};
				};
			};
			buildConfigurationList = DDED0BE81CAC501E00B82EE7 /* Build configuration list for PBXProject "GithubChallenge" */;
			compatibilityVersion = "Xcode 3.2";
			developmentRegion = English;
			hasScannedForEncodings = 0;
			knownRegions = (
				en,
				Base,
			);
			mainGroup = DDED0BE41CAC501E00B82EE7;
			productRefGroup = DDED0BEE1CAC501E00B82EE7 /* Products */;
			projectDirPath = "";
			projectRoot = "";
			targets = (
				DDED0BEC1CAC501E00B82EE7 /* GithubChallenge */,
				DDED0C051CAC501F00B82EE7 /* GithubChallengeTests */,
			);
		};
/* End PBXProject section */

/* Begin PBXResourcesBuildPhase section */
		DDED0BEB1CAC501E00B82EE7 /* Resources */ = {
			isa = PBXResourcesBuildPhase;
			buildActionMask = 2147483647;
			files = (
				4FC071501D5A9DF900942F1C /* Assets.xcassets in Resources */,
				4FC071521D5A9DF900942F1C /* Main.storyboard in Resources */,
				4FC071511D5A9DF900942F1C /* LaunchScreen.storyboard in Resources */,
				4FC071601D5A9E3900942F1C /* Info.plist in Resources */,
				4FC071531D5A9DF900942F1C /* Info.plist in Resources */,
			);
			runOnlyForDeploymentPostprocessing = 0;
		};
		DDED0C041CAC501F00B82EE7 /* Resources */ = {
			isa = PBXResourcesBuildPhase;
			buildActionMask = 2147483647;
			files = (
			);
			runOnlyForDeploymentPostprocessing = 0;
		};
/* End PBXResourcesBuildPhase section */

/* Begin PBXSourcesBuildPhase section */
		DDED0BE91CAC501E00B82EE7 /* Sources */ = {
			isa = PBXSourcesBuildPhase;
			buildActionMask = 2147483647;
			files = (
				4FC0715B1D5A9DF900942F1C /* Repository.m in Sources */,
				4FC071581D5A9DF900942F1C /* NetworkManager.m in Sources */,
				4FC0714F1D5A9DF900942F1C /* AppDelegate.m in Sources */,
				4FC071561D5A9DF900942F1C /* IssuesTableViewController.m in Sources */,
				4FC071551D5A9DF900942F1C /* IssueParser.m in Sources */,
				4FC0715C1D5A9DF900942F1C /* RepositoryParser.m in Sources */,
				4FC071591D5A9DF900942F1C /* Owner.m in Sources */,
				4FC071541D5A9DF900942F1C /* Issue.m in Sources */,
				4FC071571D5A9DF900942F1C /* main.m in Sources */,
				4FC0715A1D5A9DF900942F1C /* RepositoriesTableViewContainer.m in Sources */,
			);
			runOnlyForDeploymentPostprocessing = 0;
		};
		DDED0C021CAC501F00B82EE7 /* Sources */ = {
			isa = PBXSourcesBuildPhase;
			buildActionMask = 2147483647;
			files = (
				4FC071621D5A9F6900942F1C /* GHChallengeTests.m in Sources */,
			);
			runOnlyForDeploymentPostprocessing = 0;
		};
/* End PBXSourcesBuildPhase section */

/* Begin PBXTargetDependency section */
		DDED0C081CAC501F00B82EE7 /* PBXTargetDependency */ = {
			isa = PBXTargetDependency;
			target = DDED0BEC1CAC501E00B82EE7 /* GithubChallenge */;
			targetProxy = DDED0C071CAC501F00B82EE7 /* PBXContainerItemProxy */;
		};
/* End PBXTargetDependency section */

/* Begin PBXVariantGroup section */
		4FC071391D5A9DF900942F1C /* LaunchScreen.storyboard */ = {
			isa = PBXVariantGroup;
			children = (
				4FC0713A1D5A9DF900942F1C /* Base */,
			);
			name = LaunchScreen.storyboard;
			sourceTree = "<group>";
		};
		4FC0713B1D5A9DF900942F1C /* Main.storyboard */ = {
			isa = PBXVariantGroup;
			children = (
				4FC0713C1D5A9DF900942F1C /* Base */,
			);
			name = Main.storyboard;
			sourceTree = "<group>";
		};
/* End PBXVariantGroup section */

/* Begin XCBuildConfiguration section */
		DDED0C0D1CAC501F00B82EE7 /* Debug */ = {
			isa = XCBuildConfiguration;
			buildSettings = {
				ALWAYS_SEARCH_USER_PATHS = NO;
				CLANG_CXX_LANGUAGE_STANDARD = "gnu++0x";
				CLANG_CXX_LIBRARY = "libc++";
				CLANG_ENABLE_MODULES = YES;
				CLANG_ENABLE_OBJC_ARC = YES;
				CLANG_WARN_BOOL_CONVERSION = YES;
				CLANG_WARN_CONSTANT_CONVERSION = YES;
				CLANG_WARN_DIRECT_OBJC_ISA_USAGE = YES_ERROR;
				CLANG_WARN_EMPTY_BODY = YES;
				CLANG_WARN_ENUM_CONVERSION = YES;
				CLANG_WARN_INT_CONVERSION = YES;
				CLANG_WARN_OBJC_ROOT_CLASS = YES_ERROR;
				CLANG_WARN_UNREACHABLE_CODE = YES;
				CLANG_WARN__DUPLICATE_METHOD_MATCH = YES;
				"CODE_SIGN_IDENTITY[sdk=iphoneos*]" = "iPhone Developer";
				COPY_PHASE_STRIP = NO;
				DEBUG_INFORMATION_FORMAT = dwarf;
				ENABLE_STRICT_OBJC_MSGSEND = YES;
				ENABLE_TESTABILITY = YES;
				GCC_C_LANGUAGE_STANDARD = gnu99;
				GCC_DYNAMIC_NO_PIC = NO;
				GCC_NO_COMMON_BLOCKS = YES;
				GCC_OPTIMIZATION_LEVEL = 0;
				GCC_PREPROCESSOR_DEFINITIONS = (
					"DEBUG=1",
					"$(inherited)",
				);
				GCC_WARN_64_TO_32_BIT_CONVERSION = YES;
				GCC_WARN_ABOUT_RETURN_TYPE = YES_ERROR;
				GCC_WARN_UNDECLARED_SELECTOR = YES;
				GCC_WARN_UNINITIALIZED_AUTOS = YES_AGGRESSIVE;
				GCC_WARN_UNUSED_FUNCTION = YES;
				GCC_WARN_UNUSED_VARIABLE = YES;
				IPHONEOS_DEPLOYMENT_TARGET = 9.2;
				MTL_ENABLE_DEBUG_INFO = YES;
				ONLY_ACTIVE_ARCH = YES;
				SDKROOT = iphoneos;
			};
			name = Debug;
		};
		DDED0C0E1CAC501F00B82EE7 /* Release */ = {
			isa = XCBuildConfiguration;
			buildSettings = {
				ALWAYS_SEARCH_USER_PATHS = NO;
				CLANG_CXX_LANGUAGE_STANDARD = "gnu++0x";
				CLANG_CXX_LIBRARY = "libc++";
				CLANG_ENABLE_MODULES = YES;
				CLANG_ENABLE_OBJC_ARC = YES;
				CLANG_WARN_BOOL_CONVERSION = YES;
				CLANG_WARN_CONSTANT_CONVERSION = YES;
				CLANG_WARN_DIRECT_OBJC_ISA_USAGE = YES_ERROR;
				CLANG_WARN_EMPTY_BODY = YES;
				CLANG_WARN_ENUM_CONVERSION = YES;
				CLANG_WARN_INT_CONVERSION = YES;
				CLANG_WARN_OBJC_ROOT_CLASS = YES_ERROR;
				CLANG_WARN_UNREACHABLE_CODE = YES;
				CLANG_WARN__DUPLICATE_METHOD_MATCH = YES;
				"CODE_SIGN_IDENTITY[sdk=iphoneos*]" = "iPhone Developer";
				COPY_PHASE_STRIP = NO;
				DEBUG_INFORMATION_FORMAT = "dwarf-with-dsym";
				ENABLE_NS_ASSERTIONS = NO;
				ENABLE_STRICT_OBJC_MSGSEND = YES;
				GCC_C_LANGUAGE_STANDARD = gnu99;
				GCC_NO_COMMON_BLOCKS = YES;
				GCC_WARN_64_TO_32_BIT_CONVERSION = YES;
				GCC_WARN_ABOUT_RETURN_TYPE = YES_ERROR;
				GCC_WARN_UNDECLARED_SELECTOR = YES;
				GCC_WARN_UNINITIALIZED_AUTOS = YES_AGGRESSIVE;
				GCC_WARN_UNUSED_FUNCTION = YES;
				GCC_WARN_UNUSED_VARIABLE = YES;
				IPHONEOS_DEPLOYMENT_TARGET = 9.2;
				MTL_ENABLE_DEBUG_INFO = NO;
				SDKROOT = iphoneos;
				VALIDATE_PRODUCT = YES;
			};
			name = Release;
		};
		DDED0C101CAC501F00B82EE7 /* Debug */ = {
			isa = XCBuildConfiguration;
			buildSettings = {
				ASSETCATALOG_COMPILER_APPICON_NAME = AppIcon;
				INFOPLIST_FILE = GHChallenge/Info.plist;
				LD_RUNPATH_SEARCH_PATHS = "$(inherited) @executable_path/Frameworks";
				PRODUCT_BUNDLE_IDENTIFIER = com.nikitapahadia.iosapp.GithubChallenge;
				PRODUCT_NAME = GithubChallenge;
			};
			name = Debug;
		};
		DDED0C111CAC501F00B82EE7 /* Release */ = {
			isa = XCBuildConfiguration;
			buildSettings = {
				ASSETCATALOG_COMPILER_APPICON_NAME = AppIcon;
				INFOPLIST_FILE = GHChallenge/Info.plist;
				LD_RUNPATH_SEARCH_PATHS = "$(inherited) @executable_path/Frameworks";
				PRODUCT_BUNDLE_IDENTIFIER = com.nikitapahadia.iosapp.GithubChallenge;
				PRODUCT_NAME = GithubChallenge;
			};
			name = Release;
		};
		DDED0C131CAC501F00B82EE7 /* Debug */ = {
			isa = XCBuildConfiguration;
			buildSettings = {
				BUNDLE_LOADER = "$(TEST_HOST)";
				INFOPLIST_FILE = GHChallengeTests/Info.plist;
				LD_RUNPATH_SEARCH_PATHS = "$(inherited) @executable_path/Frameworks @loader_path/Frameworks";
				PRODUCT_BUNDLE_IDENTIFIER = com.nikitapahadia.iosapp.GHChallengeTests;
				PRODUCT_NAME = GithubChallenge;
				TEST_HOST = "$(BUILT_PRODUCTS_DIR)/GithubChallenge.app/GithubChallenge";
			};
			name = Debug;
		};
		DDED0C141CAC501F00B82EE7 /* Release */ = {
			isa = XCBuildConfiguration;
			buildSettings = {
				BUNDLE_LOADER = "$(TEST_HOST)";
				INFOPLIST_FILE = GHChallengeTests/Info.plist;
				LD_RUNPATH_SEARCH_PATHS = "$(inherited) @executable_path/Frameworks @loader_path/Frameworks";
				PRODUCT_BUNDLE_IDENTIFIER = com.nikitapahadia.iosapp.GHChallengeTests;
				PRODUCT_NAME = GithubChallenge;
				TEST_HOST = "$(BUILT_PRODUCTS_DIR)/GithubChallenge.app/GithubChallenge";
			};
			name = Release;
		};
/* End XCBuildConfiguration section */

/* Begin XCConfigurationList section */
		DDED0BE81CAC501E00B82EE7 /* Build configuration list for PBXProject "GithubChallenge" */ = {
			isa = XCConfigurationList;
			buildConfigurations = (
				DDED0C0D1CAC501F00B82EE7 /* Debug */,
				DDED0C0E1CAC501F00B82EE7 /* Release */,
			);
			defaultConfigurationIsVisible = 0;
			defaultConfigurationName = Release;
		};
		DDED0C0F1CAC501F00B82EE7 /* Build configuration list for PBXNativeTarget "GithubChallenge" */ = {
			isa = XCConfigurationList;
			buildConfigurations = (
				DDED0C101CAC501F00B82EE7 /* Debug */,
				DDED0C111CAC501F00B82EE7 /* Release */,
			);
			defaultConfigurationIsVisible = 0;
			defaultConfigurationName = Release;
		};
		DDED0C121CAC501F00B82EE7 /* Build configuration list for PBXNativeTarget "GithubChallengeTests" */ = {
			isa = XCConfigurationList;
			buildConfigurations = (
				DDED0C131CAC501F00B82EE7 /* Debug */,
				DDED0C141CAC501F00B82EE7 /* Release */,
			);
			defaultConfigurationIsVisible = 0;
			defaultConfigurationName = Release;
		};
/* End XCConfigurationList section */
	};
	rootObject = DDED0BE51CAC501E00B82EE7 /* Project object */;
}
